
Microsoft Visual Studio Solution File, Format Version 12.00
# Visual Studio Version 17
VisualStudioVersion = 17.12.35707.178 d17.12
MinimumVisualStudioVersion = 10.0.40219.1
Project("{FAE04EC0-301F-11D3-BF4B-00C04F79EFBC}") = "Product", "ProductManagement\Product.csproj", "{9188FDC0-9681-4ED6-9A5D-B96F2F39217A}"
EndProject
Project("{FAE04EC0-301F-11D3-BF4B-00C04F79EFBC}") = "Shop", "Shop\Shop.csproj", "{FD1DBEDC-8062-4EB6-8B7D-407CAF5EFB97}"
EndProject
Global
	GlobalSection(SolutionConfigurationPlatforms) = preSolution
		Debug|Any CPU = Debug|Any CPU
		Release|Any CPU = Release|Any CPU
	EndGlobalSection
	GlobalSection(ProjectConfigurationPlatforms) = postSolution
		{9188FDC0-9681-4ED6-9A5D-B96F2F39217A}.Debug|Any CPU.ActiveCfg = Debug|Any CPU
		{9188FDC0-9681-4ED6-9A5D-B96F2F39217A}.Debug|Any CPU.Build.0 = Debug|Any CPU
		{9188FDC0-9681-4ED6-9A5D-B96F2F39217A}.Release|Any CPU.ActiveCfg = Release|Any CPU
		{9188FDC0-9681-4ED6-9A5D-B96F2F39217A}.Release|Any CPU.Build.0 = Release|Any CPU
		{FD1DBEDC-8062-4EB6-8B7D-407CAF5EFB97}.Debug|Any CPU.ActiveCfg = Debug|Any CPU
		{FD1DBEDC-8062-4EB6-8B7D-407CAF5EFB97}.Debug|Any CPU.Build.0 = Debug|Any CPU
		{FD1DBEDC-8062-4EB6-8B7D-407CAF5EFB97}.Release|Any CPU.ActiveCfg = Release|Any CPU
		{FD1DBEDC-8062-4EB6-8B7D-407CAF5EFB97}.Release|Any CPU.Build.0 = Release|Any CPU
	EndGlobalSection
	GlobalSection(SolutionProperties) = preSolution
		HideSolutionNode = FALSE
	EndGlobalSection
EndGlobal
